
Microsoft Visual Studio Solution File, Format Version 12.00
# Visual Studio Version 16
VisualStudioVersion = 16.0.31605.320
MinimumVisualStudioVersion = 10.0.40219.1
Project("{2150E333-8FDC-42A3-9474-1A3956D46DE8}") = "src", "src", "{72D90097-7D82-4418-A67B-CEF5F0106601}"
EndProject
Project("{2150E333-8FDC-42A3-9474-1A3956D46DE8}") = "Building Blocks", "Building Blocks", "{2EEAF3E8-E5F4-45C0-A623-98AC8A20BBBA}"
EndProject
Project("{2150E333-8FDC-42A3-9474-1A3956D46DE8}") = "Services", "Services", "{C44EB3F6-976E-4811-9B19-924B3F199FEC}"
EndProject
Project("{2150E333-8FDC-42A3-9474-1A3956D46DE8}") = "Web", "Web", "{F55D2F4B-F279-4453-A4EF-BA57CA36BCF1}"
EndProject
Project("{2150E333-8FDC-42A3-9474-1A3956D46DE8}") = "Identity", "Identity", "{49415AE2-9938-4D10-816A-E5B2B83F7C30}"
EndProject
Project("{9A19103F-16F7-4668-BE54-9A1E7A4F7556}") = "RssSE.Identity.API", "src\services\RssSE.Identity.API\RssSE.Identity.API.csproj", "{6D74FE22-43B0-48B7-BA42-099B36E9B747}"
EndProject
Project("{2150E333-8FDC-42A3-9474-1A3956D46DE8}") = "MVC", "MVC", "{77A629AE-E7E6-4ABD-822F-36BE88233491}"
EndProject
Project("{9A19103F-16F7-4668-BE54-9A1E7A4F7556}") = "RssSE.WebApp.MVC", "src\web\RssSE.WebApp.MVC\RssSE.WebApp.MVC.csproj", "{3AB0C584-47E8-4023-8EC0-BA4EFDEF759F}"
EndProject
Project("{2150E333-8FDC-42A3-9474-1A3956D46DE8}") = "Core", "Core", "{A82C8DC2-356C-4BA5-97D8-E40355136FC3}"
EndProject
Project("{9A19103F-16F7-4668-BE54-9A1E7A4F7556}") = "RssSE.Core", "src\building blocks\RssSE.Core\RssSE.Core.csproj", "{BC89A4A9-6572-4E5B-B3D1-A7385A07BB9E}"
EndProject
Project("{2150E333-8FDC-42A3-9474-1A3956D46DE8}") = "Cart", "Cart", "{76946F2A-362D-4D00-A276-D9C0ACF181AB}"
EndProject
Project("{2150E333-8FDC-42A3-9474-1A3956D46DE8}") = "Catalog", "Catalog", "{DA4400E4-CC1F-45F9-960C-92DDF8BE6A32}"
EndProject
Project("{2150E333-8FDC-42A3-9474-1A3956D46DE8}") = "Payment", "Payment", "{43934296-8817-4AE1-9FF0-220042F92652}"
EndProject
Project("{2150E333-8FDC-42A3-9474-1A3956D46DE8}") = "Order", "Order", "{E3E31AF2-13E4-4200-B591-CF2C2E0A10E3}"
EndProject
Project("{2150E333-8FDC-42A3-9474-1A3956D46DE8}") = "Client", "Client", "{99AB5755-14C5-49FA-B2E5-1008DA51F94C}"
EndProject
Project("{9A19103F-16F7-4668-BE54-9A1E7A4F7556}") = "RssSE.Cart.API", "src\services\RssSE.Cart.API\RssSE.Cart.API.csproj", "{AC5D992C-80D3-40F0-B923-D9B476616E5B}"
EndProject
Project("{9A19103F-16F7-4668-BE54-9A1E7A4F7556}") = "RssSE.Catalog.API", "src\services\RssSE.Catalog.API\RssSE.Catalog.API.csproj", "{4FE2ED57-3734-4797-A498-0149A8F2C218}"
EndProject
Project("{9A19103F-16F7-4668-BE54-9A1E7A4F7556}") = "RssSE.Client.API", "src\services\RssSE.Client.API\RssSE.Client.API.csproj", "{1C3288C5-E3C2-4CE1-8694-ABB3D215B278}"
EndProject
Project("{9A19103F-16F7-4668-BE54-9A1E7A4F7556}") = "RssSE.Order.API", "src\services\RssSE.Order.API\RssSE.Order.API.csproj", "{6B48B267-C84B-4288-8C88-545174ABD28A}"
EndProject
Project("{9A19103F-16F7-4668-BE54-9A1E7A4F7556}") = "RssSE.Payment.API", "src\services\RssSE.Payment.API\RssSE.Payment.API.csproj", "{D4A5E5F5-14BA-47EB-88AC-E23E0AE7ED73}"
EndProject
Project("{9A19103F-16F7-4668-BE54-9A1E7A4F7556}") = "RssSE.Identity.Data", "src\services\RssSE.Identity.Data\RssSE.Identity.Data.csproj", "{694155FF-D90A-4676-962D-438C58FDBCEF}"
EndProject
Project("{2150E333-8FDC-42A3-9474-1A3956D46DE8}") = "Services", "Services", "{73E81ACE-66D2-4D0D-A4D8-98EBC011B78A}"
EndProject
Project("{9A19103F-16F7-4668-BE54-9A1E7A4F7556}") = "RssSE.WebApi.Core", "src\building blocks\RssSE.WebApi.Core\RssSE.WebApi.Core.csproj", "{EF9E7193-1FF4-48C6-BA7F-31304F036852}"
EndProject
Project("{2150E333-8FDC-42A3-9474-1A3956D46DE8}") = "MessageBus", "MessageBus", "{CF6DE76D-2C47-41AE-9366-4EA29A2A74CC}"
EndProject
Project("{9A19103F-16F7-4668-BE54-9A1E7A4F7556}") = "RssSE.MessageBus", "src\building blocks\RssSE.MessageBus\RssSE.MessageBus.csproj", "{1AEF8451-5168-426E-A3DD-152D80E98C9A}"
EndProject
Project("{2150E333-8FDC-42A3-9474-1A3956D46DE8}") = "ApiGateways", "ApiGateways", "{1BD12A45-02EB-4F87-8DE9-521620F888E1}"
EndProject
Project("{9A19103F-16F7-4668-BE54-9A1E7A4F7556}") = "RssSE.Bff.Purchases", "src\api gateways\RssSE.Bff.Purchases\RssSE.Bff.Purchases.csproj", "{269BF4B7-124B-40D5-92C3-137CC286B832}"
EndProject
Project("{2150E333-8FDC-42A3-9474-1A3956D46DE8}") = "Purchases", "Purchases", "{9DC90B55-866B-4FB6-9771-53CFC2EEEF82}"
EndProject
Project("{9A19103F-16F7-4668-BE54-9A1E7A4F7556}") = "RssSE.Order.Infra", "src\services\RssSE.Order.Infra\RssSE.Order.Infra.csproj", "{5EFF0791-2767-4328-88B3-04186F10EADF}"
EndProject
Project("{9A19103F-16F7-4668-BE54-9A1E7A4F7556}") = "RssSE.Order.Domain", "src\services\RssSE.Order.Domain\RssSE.Order.Domain.csproj", "{A274F8FE-4D53-46EB-B4A1-467A0E3AEBCF}"
EndProject
Project("{9A19103F-16F7-4668-BE54-9A1E7A4F7556}") = "RssSE.Payment.RssSEPag", "src\services\RssSE.Payment.RssSEPag\RssSE.Payment.RssSEPag.csproj", "{758950A4-B3CC-4383-9CC2-30148762B008}"
EndProject
Global
	GlobalSection(SolutionConfigurationPlatforms) = preSolution
		Debug|Any CPU = Debug|Any CPU
		Release|Any CPU = Release|Any CPU
	EndGlobalSection
	GlobalSection(ProjectConfigurationPlatforms) = postSolution
		{6D74FE22-43B0-48B7-BA42-099B36E9B747}.Debug|Any CPU.ActiveCfg = Debug|Any CPU
		{6D74FE22-43B0-48B7-BA42-099B36E9B747}.Debug|Any CPU.Build.0 = Debug|Any CPU
		{6D74FE22-43B0-48B7-BA42-099B36E9B747}.Release|Any CPU.ActiveCfg = Release|Any CPU
		{6D74FE22-43B0-48B7-BA42-099B36E9B747}.Release|Any CPU.Build.0 = Release|Any CPU
		{3AB0C584-47E8-4023-8EC0-BA4EFDEF759F}.Debug|Any CPU.ActiveCfg = Debug|Any CPU
		{3AB0C584-47E8-4023-8EC0-BA4EFDEF759F}.Debug|Any CPU.Build.0 = Debug|Any CPU
		{3AB0C584-47E8-4023-8EC0-BA4EFDEF759F}.Release|Any CPU.ActiveCfg = Release|Any CPU
		{3AB0C584-47E8-4023-8EC0-BA4EFDEF759F}.Release|Any CPU.Build.0 = Release|Any CPU
		{BC89A4A9-6572-4E5B-B3D1-A7385A07BB9E}.Debug|Any CPU.ActiveCfg = Debug|Any CPU
		{BC89A4A9-6572-4E5B-B3D1-A7385A07BB9E}.Debug|Any CPU.Build.0 = Debug|Any CPU
		{BC89A4A9-6572-4E5B-B3D1-A7385A07BB9E}.Release|Any CPU.ActiveCfg = Release|Any CPU
		{BC89A4A9-6572-4E5B-B3D1-A7385A07BB9E}.Release|Any CPU.Build.0 = Release|Any CPU
		{AC5D992C-80D3-40F0-B923-D9B476616E5B}.Debug|Any CPU.ActiveCfg = Debug|Any CPU
		{AC5D992C-80D3-40F0-B923-D9B476616E5B}.Debug|Any CPU.Build.0 = Debug|Any CPU
		{AC5D992C-80D3-40F0-B923-D9B476616E5B}.Release|Any CPU.ActiveCfg = Release|Any CPU
		{AC5D992C-80D3-40F0-B923-D9B476616E5B}.Release|Any CPU.Build.0 = Release|Any CPU
		{4FE2ED57-3734-4797-A498-0149A8F2C218}.Debug|Any CPU.ActiveCfg = Debug|Any CPU
		{4FE2ED57-3734-4797-A498-0149A8F2C218}.Debug|Any CPU.Build.0 = Debug|Any CPU
		{4FE2ED57-3734-4797-A498-0149A8F2C218}.Release|Any CPU.ActiveCfg = Release|Any CPU
		{4FE2ED57-3734-4797-A498-0149A8F2C218}.Release|Any CPU.Build.0 = Release|Any CPU
		{1C3288C5-E3C2-4CE1-8694-ABB3D215B278}.Debug|Any CPU.ActiveCfg = Debug|Any CPU
		{1C3288C5-E3C2-4CE1-8694-ABB3D215B278}.Debug|Any CPU.Build.0 = Debug|Any CPU
		{1C3288C5-E3C2-4CE1-8694-ABB3D215B278}.Release|Any CPU.ActiveCfg = Release|Any CPU
		{1C3288C5-E3C2-4CE1-8694-ABB3D215B278}.Release|Any CPU.Build.0 = Release|Any CPU
		{6B48B267-C84B-4288-8C88-545174ABD28A}.Debug|Any CPU.ActiveCfg = Debug|Any CPU
		{6B48B267-C84B-4288-8C88-545174ABD28A}.Debug|Any CPU.Build.0 = Debug|Any CPU
		{6B48B267-C84B-4288-8C88-545174ABD28A}.Release|Any CPU.ActiveCfg = Release|Any CPU
		{6B48B267-C84B-4288-8C88-545174ABD28A}.Release|Any CPU.Build.0 = Release|Any CPU
		{D4A5E5F5-14BA-47EB-88AC-E23E0AE7ED73}.Debug|Any CPU.ActiveCfg = Debug|Any CPU
		{D4A5E5F5-14BA-47EB-88AC-E23E0AE7ED73}.Debug|Any CPU.Build.0 = Debug|Any CPU
		{D4A5E5F5-14BA-47EB-88AC-E23E0AE7ED73}.Release|Any CPU.ActiveCfg = Release|Any CPU
		{D4A5E5F5-14BA-47EB-88AC-E23E0AE7ED73}.Release|Any CPU.Build.0 = Release|Any CPU
		{694155FF-D90A-4676-962D-438C58FDBCEF}.Debug|Any CPU.ActiveCfg = Debug|Any CPU
		{694155FF-D90A-4676-962D-438C58FDBCEF}.Debug|Any CPU.Build.0 = Debug|Any CPU
		{694155FF-D90A-4676-962D-438C58FDBCEF}.Release|Any CPU.ActiveCfg = Release|Any CPU
		{694155FF-D90A-4676-962D-438C58FDBCEF}.Release|Any CPU.Build.0 = Release|Any CPU
		{EF9E7193-1FF4-48C6-BA7F-31304F036852}.Debug|Any CPU.ActiveCfg = Debug|Any CPU
		{EF9E7193-1FF4-48C6-BA7F-31304F036852}.Debug|Any CPU.Build.0 = Debug|Any CPU
		{EF9E7193-1FF4-48C6-BA7F-31304F036852}.Release|Any CPU.ActiveCfg = Release|Any CPU
		{EF9E7193-1FF4-48C6-BA7F-31304F036852}.Release|Any CPU.Build.0 = Release|Any CPU
		{1AEF8451-5168-426E-A3DD-152D80E98C9A}.Debug|Any CPU.ActiveCfg = Debug|Any CPU
		{1AEF8451-5168-426E-A3DD-152D80E98C9A}.Debug|Any CPU.Build.0 = Debug|Any CPU
		{1AEF8451-5168-426E-A3DD-152D80E98C9A}.Release|Any CPU.ActiveCfg = Release|Any CPU
		{1AEF8451-5168-426E-A3DD-152D80E98C9A}.Release|Any CPU.Build.0 = Release|Any CPU
		{269BF4B7-124B-40D5-92C3-137CC286B832}.Debug|Any CPU.ActiveCfg = Debug|Any CPU
		{269BF4B7-124B-40D5-92C3-137CC286B832}.Debug|Any CPU.Build.0 = Debug|Any CPU
		{269BF4B7-124B-40D5-92C3-137CC286B832}.Release|Any CPU.ActiveCfg = Release|Any CPU
		{269BF4B7-124B-40D5-92C3-137CC286B832}.Release|Any CPU.Build.0 = Release|Any CPU
		{5EFF0791-2767-4328-88B3-04186F10EADF}.Debug|Any CPU.ActiveCfg = Debug|Any CPU
		{5EFF0791-2767-4328-88B3-04186F10EADF}.Debug|Any CPU.Build.0 = Debug|Any CPU
		{5EFF0791-2767-4328-88B3-04186F10EADF}.Release|Any CPU.ActiveCfg = Release|Any CPU
		{5EFF0791-2767-4328-88B3-04186F10EADF}.Release|Any CPU.Build.0 = Release|Any CPU
		{A274F8FE-4D53-46EB-B4A1-467A0E3AEBCF}.Debug|Any CPU.ActiveCfg = Debug|Any CPU
		{A274F8FE-4D53-46EB-B4A1-467A0E3AEBCF}.Debug|Any CPU.Build.0 = Debug|Any CPU
		{A274F8FE-4D53-46EB-B4A1-467A0E3AEBCF}.Release|Any CPU.ActiveCfg = Release|Any CPU
		{A274F8FE-4D53-46EB-B4A1-467A0E3AEBCF}.Release|Any CPU.Build.0 = Release|Any CPU
		{758950A4-B3CC-4383-9CC2-30148762B008}.Debug|Any CPU.ActiveCfg = Debug|Any CPU
		{758950A4-B3CC-4383-9CC2-30148762B008}.Debug|Any CPU.Build.0 = Debug|Any CPU
		{758950A4-B3CC-4383-9CC2-30148762B008}.Release|Any CPU.ActiveCfg = Release|Any CPU
		{758950A4-B3CC-4383-9CC2-30148762B008}.Release|Any CPU.Build.0 = Release|Any CPU
	EndGlobalSection
	GlobalSection(SolutionProperties) = preSolution
		HideSolutionNode = FALSE
	EndGlobalSection
	GlobalSection(NestedProjects) = preSolution
		{2EEAF3E8-E5F4-45C0-A623-98AC8A20BBBA} = {72D90097-7D82-4418-A67B-CEF5F0106601}
		{C44EB3F6-976E-4811-9B19-924B3F199FEC} = {72D90097-7D82-4418-A67B-CEF5F0106601}
		{F55D2F4B-F279-4453-A4EF-BA57CA36BCF1} = {72D90097-7D82-4418-A67B-CEF5F0106601}
		{49415AE2-9938-4D10-816A-E5B2B83F7C30} = {C44EB3F6-976E-4811-9B19-924B3F199FEC}
		{6D74FE22-43B0-48B7-BA42-099B36E9B747} = {49415AE2-9938-4D10-816A-E5B2B83F7C30}
		{77A629AE-E7E6-4ABD-822F-36BE88233491} = {F55D2F4B-F279-4453-A4EF-BA57CA36BCF1}
		{3AB0C584-47E8-4023-8EC0-BA4EFDEF759F} = {77A629AE-E7E6-4ABD-822F-36BE88233491}
		{A82C8DC2-356C-4BA5-97D8-E40355136FC3} = {2EEAF3E8-E5F4-45C0-A623-98AC8A20BBBA}
		{BC89A4A9-6572-4E5B-B3D1-A7385A07BB9E} = {A82C8DC2-356C-4BA5-97D8-E40355136FC3}
		{76946F2A-362D-4D00-A276-D9C0ACF181AB} = {C44EB3F6-976E-4811-9B19-924B3F199FEC}
		{DA4400E4-CC1F-45F9-960C-92DDF8BE6A32} = {C44EB3F6-976E-4811-9B19-924B3F199FEC}
		{43934296-8817-4AE1-9FF0-220042F92652} = {C44EB3F6-976E-4811-9B19-924B3F199FEC}
		{E3E31AF2-13E4-4200-B591-CF2C2E0A10E3} = {C44EB3F6-976E-4811-9B19-924B3F199FEC}
		{99AB5755-14C5-49FA-B2E5-1008DA51F94C} = {C44EB3F6-976E-4811-9B19-924B3F199FEC}
		{AC5D992C-80D3-40F0-B923-D9B476616E5B} = {76946F2A-362D-4D00-A276-D9C0ACF181AB}
		{4FE2ED57-3734-4797-A498-0149A8F2C218} = {DA4400E4-CC1F-45F9-960C-92DDF8BE6A32}
		{1C3288C5-E3C2-4CE1-8694-ABB3D215B278} = {99AB5755-14C5-49FA-B2E5-1008DA51F94C}
		{6B48B267-C84B-4288-8C88-545174ABD28A} = {E3E31AF2-13E4-4200-B591-CF2C2E0A10E3}
		{D4A5E5F5-14BA-47EB-88AC-E23E0AE7ED73} = {43934296-8817-4AE1-9FF0-220042F92652}
		{694155FF-D90A-4676-962D-438C58FDBCEF} = {49415AE2-9938-4D10-816A-E5B2B83F7C30}
		{73E81ACE-66D2-4D0D-A4D8-98EBC011B78A} = {2EEAF3E8-E5F4-45C0-A623-98AC8A20BBBA}
		{EF9E7193-1FF4-48C6-BA7F-31304F036852} = {73E81ACE-66D2-4D0D-A4D8-98EBC011B78A}
		{CF6DE76D-2C47-41AE-9366-4EA29A2A74CC} = {2EEAF3E8-E5F4-45C0-A623-98AC8A20BBBA}
		{1AEF8451-5168-426E-A3DD-152D80E98C9A} = {CF6DE76D-2C47-41AE-9366-4EA29A2A74CC}
		{1BD12A45-02EB-4F87-8DE9-521620F888E1} = {72D90097-7D82-4418-A67B-CEF5F0106601}
		{269BF4B7-124B-40D5-92C3-137CC286B832} = {9DC90B55-866B-4FB6-9771-53CFC2EEEF82}
		{9DC90B55-866B-4FB6-9771-53CFC2EEEF82} = {1BD12A45-02EB-4F87-8DE9-521620F888E1}
		{5EFF0791-2767-4328-88B3-04186F10EADF} = {E3E31AF2-13E4-4200-B591-CF2C2E0A10E3}
		{A274F8FE-4D53-46EB-B4A1-467A0E3AEBCF} = {E3E31AF2-13E4-4200-B591-CF2C2E0A10E3}
		{758950A4-B3CC-4383-9CC2-30148762B008} = {43934296-8817-4AE1-9FF0-220042F92652}
	EndGlobalSection
	GlobalSection(ExtensibilityGlobals) = postSolution
		SolutionGuid = {13C7A807-4321-4398-9A87-F0D0626E1B98}
	EndGlobalSection
EndGlobal
